github.com/davecgh/go-spew v1.1.0/go.mod h1:J7Y8YcW2NihsgmVo/mv3lAwl/skON4iLHjSsI+c5H38=
github.com/davecgh/go-spew v1.1.1/go.mod h1:J7Y8YcW2NihsgmVo/mv3lAwl/skON4iLHjSsI+c5H38=
github.com/google/gofuzz v1.0.0/go.mod h1:dBl0BpW6vV/+mYPU4Po3pmUjxk6FQPldtuIdl/M65Eg=
github.com/google/uuid v1.1.1 h1:Gkbcsh/GbpXz7lPftLA3P6TYMwjCLYm83jiFQZF/3gY=
github.com/google/uuid v1.1.1/go.mod h1:TIyPZe4MgqvfeYDBFedMoGGpEw/LqOeaOT+nhxU+yHo=
github.com/google/uuid v1.1.2 h1:EVhdT+1Kseyi1/pUmXKaFxYsDNy9RQYkMWRH68J/W7Y=
github.com/google/uuid v1.1.2/go.mod h1:TIyPZe4MgqvfeYDBFedMoGGpEw/LqOeaOT+nhxU+yHo=
github.com/gorilla/mux v1.8.0 h1:i40aqfkR1h2SlN9hojwV5ZA91wcXFOvkdNIeFDP5koI=
github.com/gorilla/mux v1.8.0/go.mod h1:DVbg23sWSpFRCP0SfiEN6jmj59UnW/n46BH5rLB71So=
github.com/gorilla/websocket v1.4.2 h1:+/TMaTYc4QFitKJxsQ7Yye35DkWvkdLcvGKqM+x0Ufc=
github.com/gorilla/websocket v1.4.2/go.mod h1:YR8l580nyteQvAITg2hZ9XVh4b55+EU/adAjf1fMHhE=
github.com/json-iterator/go v1.1.10 h1:Kz6Cvnvv2wGdaG/V8yMvfkmNiXq9Ya2KUv4rouJJr68=
github.com/json-iterator/go v1.1.10/go.mod h1:KdQUCv79m/52Kvf8AW2vK1V8akMuk1QjK/uOdHXbAo4=
github.com/modern-go/concurrent v0.0.0-20180228061459-e0a39a4cb421 h1:ZqeYNhU3OHLH3mGKHDcjJRFFRrJa6eAM5H+CtDdOsPc=
github.com/modern-go/concurrent v0.0.0-20180228061459-e0a39a4cb421/go.mod h1:6dJC0mAP4ikYIbvyc7fijjWJddQyLn8Ig3JB5CqoB9Q=
github.com/modern-go/reflect2 v0.0.0-20180701023420-4b7aa43c6742 h1:Esafd1046DLDQ0W1YjYsBW+p8U2u7vzgW2SQVmlNazg=
github.com/modern-go/reflect2 v0.0.0-20180701023420-4b7aa43c6742/go.mod h1:bx2lNnkwVCuqBIxFjflWJWanXIb3RllmbCylyMrvgv0=
github.com/pkg/errors v0.9.1 h1:FEBLx1zS214owpjy7qsBeixbURkuhQAwrK5UwLGTwt4=
github.com/pkg/errors v0.9.1/go.mod h1:bwawxfHBFNV+L2hUp1rHADufV3IMtnDRdf1r5NINEl0=
github.com/pmezard/go-difflib v1.0.0/go.mod h1:iKH77koFhYxTK1pcRnkKkqfTogsbg7gZNVY4sRDYZ/4=
github.com/satori/go.uuid v1.2.0 h1:0uYX9dsZ2yD7q2RtLRtPSdGDWzjeM3TbMJP9utgA0ww=
github.com/satori/go.uuid v1.2.0/go.mod h1:dA0hQrYB0VpLJoorglMZABFdXlWrHn1NEOzdhQKdks0=
github.com/stretchr/objx v0.1.0/go.mod h1:HFkY916IF+rwdDfMAkV7OtwuqBVzrE8GR6GFx+wExME=
github.com/stretchr/testify v1.3.0/go.mod h1:M5WIy9Dh21IEIfnGCwXGc5bZfKNJtfHm1UVUgZn+9EI=
github.com/tada-team/kozma v1.0.3 h1:3hHBRJkZWE45dj2AjL4f1OSqmttSJQgE9iFq5Hd1ReM=
github.com/tada-team/kozma v1.0.3/go.mod h1:TIsa1b64SsrVPFEqdoJDnMhO3HYFVpN0B0t2GKh93uY=
github.com/tada-team/tdclient v0.1.1 h1:8CPwXP7dH1ggWOwKHXp3bcnl/OY1Phsz7pkisFE3zMY=
github.com/tada-team/tdclient v0.1.1/go.mod h1:i5RjZD6p+Nsk9/xgApEfe7E0pA6E9mX1efIYsCI008w=
github.com/tada-team/tdclient v0.1.2 h1:HxkfBeQJKYKes8u/J/eYGMYsopFXogew4rVt4GZesKM=
github.com/tada-team/tdclient v0.1.2/go.mod h1:i5RjZD6p+Nsk9/xgApEfe7E0pA6E9mX1efIYsCI008w=
github.com/tada-team/tdclient v0.1.5 h1:1UTJl+vDElgPMaWDXWMQGbYdjZXOkYY6Z3vzTE9UTGg=
github.com/tada-team/tdclient v0.1.5/go.mod h1:i5RjZD6p+Nsk9/xgApEfe7E0pA6E9mX1efIYsCI008w=
github.com/tada-team/tdclient v0.1.6 h1:q1oLoVH5tEQDH6qMVD3crm0jdsf8JKMOuyMZ2RvDBoY=
github.com/tada-team/tdclient v0.1.6/go.mod h1:i5RjZD6p+Nsk9/xgApEfe7E0pA6E9mX1efIYsCI008w=
github.com/tada-team/tdclient v0.1.8 h1:bqXqr3/zHiU6fhjl0FZ7rklSTAuCt30btq1hyoTVHCU=
github.com/tada-team/tdclient v0.1.8/go.mod h1:D2KDLfRQOk97cNP2yGakemlHqYutlJg44T2TYge0WVU=
github.com/tada-team/tdproto v0.0.3 h1:BCkh0cDz7EU778FmfpzEWn7Ifvl+KyYW+yttK339Kpc=
github.com/tada-team/tdproto v0.0.3/go.mod h1:VY1rTZXOhMxyZ1VE/Q82PB27AaFAooEQJFkO0HMlN8M=
github.com/tada-team/tdproto v0.0.8 h1:/wnGitmzgxAk/S4UssUIAkILzrxFgPQUn2K8qfv/t14=
github.com/tada-team/tdproto v0.0.8/go.mod h1:eQGUKL2y6C9EGrhOZY0HU7bb/5lBdVfHBlx2+e0l7x4=
github.com/tada-team/tdproto v0.0.13 h1:fIQeIBwozYfMrfeO68DZkomUCZHPUuRPNlcekO5zT+U=
github.com/tada-team/tdproto v0.0.13/go.mod h1:eQGUKL2y6C9EGrhOZY0HU7bb/5lBdVfHBlx2+e0l7x4=
github.com/tada-team/tdproto v0.2.1 h1:uCHXKzoETO1lvbpO9WEmgqhSp+PBmlxF+08m4cDUNQs=
github.com/tada-team/tdproto v0.2.1/go.mod h1:eQGUKL2y6C9EGrhOZY0HU7bb/5lBdVfHBlx2+e0l7x4=
gopkg.in/check.v1 v0.0.0-20161208181325-20d25e280405/go.mod h1:Co6ibVJAznAaIkqp8huTwlJQCZ016jof/cbN4VW5Yz0=
gopkg.in/yaml.v2 v2.3.0 h1:clyUAQHOM3G0M3f5vQj7LuJrETvjVot3Z5el9nffUtU=
gopkg.in/yaml.v2 v2.3.0/go.mod h1:hI93XBmqTisBFMUTm0b8Fm+jr3Dg1NNxqwp+5A1VGuI=
